// !$*UTF8*$!
{
	archiveVersion = 1;
	classes = {
	};
	objectVersion = 77;
	objects = {

/* Begin PBXBuildFile section */
		851A3A1F2E6A0AAD002BBBC8 /* Vapor in Frameworks */ = {isa = PBXBuildFile; productRef = 851A3A1E2E6A0AAD002BBBC8 /* Vapor */; };
		855F63F22E6DAA9E00F55CF7 /* NimbleExtensions in Frameworks */ = {isa = PBXBuildFile; productRef = 855F63F12E6DAA9E00F55CF7 /* NimbleExtensions */; };
		855F63F42E6DAA9E00F55CF7 /* NimbleJSON in Frameworks */ = {isa = PBXBuildFile; productRef = 855F63F32E6DAA9E00F55CF7 /* NimbleJSON */; };
		855F63F62E6DAA9E00F55CF7 /* NimbleViews in Frameworks */ = {isa = PBXBuildFile; productRef = 855F63F52E6DAA9E00F55CF7 /* NimbleViews */; };
		855F655C2E6E130A00F55CF7 /* AltSourceKit in Frameworks */ = {isa = PBXBuildFile; productRef = 855F655B2E6E130A00F55CF7 /* AltSourceKit */; };
		859966C62E6E24D000EE0107 /* NukeUI in Frameworks */ = {isa = PBXBuildFile; productRef = 859966C52E6E24D000EE0107 /* NukeUI */; };
		85A1B2C52E6F123400D4E5F6 /* ZipArchive in Frameworks */ = {isa = PBXBuildFile; productRef = 85A1B2C42E6F123400D4E5F6 /* ZipArchive */; };
		85F735562E6DA98200C3D2C2 /* ZsignSwift in Frameworks */ = {isa = PBXBuildFile; productRef = 85F735552E6DA98200C3D2C2 /* ZsignSwift */; };
		85F735582E6DA98200C3D2C2 /* zsign in Frameworks */ = {isa = PBXBuildFile; productRef = 85F735572E6DA98200C3D2C2 /* zsign */; };
		85FCE3CD2E6B32F80069A30A /* (null) in Frameworks */ = {isa = PBXBuildFile; };
		85FCEE8C2E6B36F80069A30A /* SWCompression in Frameworks */ = {isa = PBXBuildFile; productRef = 85FCEE8B2E6B36F80069A30A /* SWCompression */; };
		85FCEE8F2E6B373E0069A30A /* ArArchiveKit in Frameworks */ = {isa = PBXBuildFile; productRef = 85FCEE8E2E6B373E0069A30A /* ArArchiveKit */; };
		85FCEE922E6B374E0069A30A /* ZIPFoundation in Frameworks */ = {isa = PBXBuildFile; productRef = 85FCEE912E6B374E0069A30A /* ZIPFoundation */; };
/* End PBXBuildFile section */

/* Begin PBXFileReference section */
		851FD95F2E578774002136BA /* APP.app */ = {isa = PBXFileReference; explicitFileType = wrapper.application; includeInIndex = 0; path = APP.app; sourceTree = BUILT_PRODUCTS_DIR; };
/* End PBXFileReference section */

/* Begin PBXFileSystemSynchronizedRootGroup section */
		851FD9612E578774002136BA /* APP */ = {
			isa = PBXFileSystemSynchronizedRootGroup;
			path = APP;
			sourceTree = "<group>";
		};
/* End PBXFileSystemSynchronizedRootGroup section */

/* Begin PBXFrameworksBuildPhase section */
		851FD95C2E578774002136BA /* Frameworks */ = {
			isa = PBXFrameworksBuildPhase;
			buildActionMask = 2147483647;
			files = (
				859966C62E6E24D000EE0107 /* NukeUI in Frameworks */,
				85F735562E6DA98200C3D2C2 /* ZsignSwift in Frameworks */,
				855F655C2E6E130A00F55CF7 /* AltSourceKit in Frameworks */,
				851A3A1F2E6A0AAD002BBBC8 /* Vapor in Frameworks */,
				855F63F22E6DAA9E00F55CF7 /* NimbleExtensions in Frameworks */,
				85FCEE8C2E6B36F80069A30A /* SWCompression in Frameworks */,
				855F63F62E6DAA9E00F55CF7 /* NimbleViews in Frameworks */,
				85FCE3CD2E6B32F80069A30A /* (null) in Frameworks */,
				85FCEE8F2E6B373E0069A30A /* ArArchiveKit in Frameworks */,
				85FCEE922E6B374E0069A30A /* ZIPFoundation in Frameworks */,
				855F63F42E6DAA9E00F55CF7 /* NimbleJSON in Frameworks */,
				85F735582E6DA98200C3D2C2 /* zsign in Frameworks */,
				85A1B2C52E6F123400D4E5F6 /* ZipArchive in Frameworks */,
			);
			runOnlyForDeploymentPostprocessing = 0;
		};
/* End PBXFrameworksBuildPhase section */

/* Begin PBXGroup section */
		851FD9562E578774002136BA = {
			isa = PBXGroup;
			children = (
				851FD9612E578774002136BA /* APP */,
				851FD9602E578774002136BA /* Products */,
			);
			sourceTree = "<group>";
		};
		851FD9602E578774002136BA /* Products */ = {
			isa = PBXGroup;
			children = (
				851FD95F2E578774002136BA /* APP.app */,
			);
			name = Products;
			sourceTree = "<group>";
		};
/* End PBXGroup section */

/* Begin PBXNativeTarget section */
		851FD95E2E578774002136BA /* APP */ = {
			isa = PBXNativeTarget;
			buildConfigurationList = 851FD96A2E578775002136BA /* Build configuration list for PBXNativeTarget "APP" */;
			buildPhases = (
				851FD95B2E578774002136BA /* Sources */,
				851FD95C2E578774002136BA /* Frameworks */,
				851FD95D2E578774002136BA /* Resources */,
			);
			buildRules = (
			);
			dependencies = (
			);
			fileSystemSynchronizedGroups = (
				851FD9612E578774002136BA /* APP */,
			);
			name = APP;
			packageProductDependencies = (
				851A3A1E2E6A0AAD002BBBC8 /* Vapor */,
				85FCEE8B2E6B36F80069A30A /* SWCompression */,
				85FCEE8E2E6B373E0069A30A /* ArArchiveKit */,
				85FCEE912E6B374E0069A30A /* ZIPFoundation */,
				85F735552E6DA98200C3D2C2 /* ZsignSwift */,
				85F735572E6DA98200C3D2C2 /* zsign */,
				855F63F12E6DAA9E00F55CF7 /* NimbleExtensions */,
				855F63F32E6DAA9E00F55CF7 /* NimbleJSON */,
				855F63F52E6DAA9E00F55CF7 /* NimbleViews */,
				855F655B2E6E130A00F55CF7 /* AltSourceKit */,
				859966C52E6E24D000EE0107 /* NukeUI */,
				85A1B2C42E6F123400D4E5F6 /* ZipArchive */,
			);
			productName = APP;
			productReference = 851FD95F2E578774002136BA /* APP.app */;
			productType = "com.apple.product-type.application";
		};
/* End PBXNativeTarget section */

/* Begin PBXProject section */
		851FD9572E578774002136BA /* Project object */ = {
			isa = PBXProject;
			attributes = {
				BuildIndependentTargetsInParallel = 1;
				LastSwiftUpdateCheck = 1640;
				LastUpgradeCheck = 1640;
				TargetAttributes = {
					851FD95E2E578774002136BA = {
						CreatedOnToolsVersion = 16.4;
						LastSwiftMigration = 1640;
					};
				};
			};
			buildConfigurationList = 851FD95A2E578774002136BA /* Build configuration list for PBXProject "APP" */;
			developmentRegion = "zh-Hans";
			hasScannedForEncodings = 0;
			knownRegions = (
				Base,
				"zh-Hans",
				en,
				es,
				it,
			);
			mainGroup = 851FD9562E578774002136BA;
			minimizedProjectReferenceProxies = 1;
			packageReferences = (
				851A3A1D2E6A0AAD002BBBC8 /* XCRemoteSwiftPackageReference "vapor" */,
				85FCEE8A2E6B36F80069A30A /* XCRemoteSwiftPackageReference "SWCompression" */,
				85FCEE8D2E6B373E0069A30A /* XCRemoteSwiftPackageReference "ArArchiveKit" */,
				85FCEE902E6B374E0069A30A /* XCRemoteSwiftPackageReference "ZIPFoundation" */,
				85F735542E6DA98200C3D2C2 /* XCRemoteSwiftPackageReference "Zsign" */,
				855F63F02E6DAA9E00F55CF7 /* XCRemoteSwiftPackageReference "NimbleKit" */,
				855F655A2E6E130A00F55CF7 /* XCRemoteSwiftPackageReference "AltSourceKit" */,
				859966C42E6E24D000EE0107 /* XCRemoteSwiftPackageReference "NukeUI" */,
				85A1B2C32E6F123400D4E5F6 /* XCRemoteSwiftPackageReference "ZipArchive" */,
			);
			preferredProjectObjectVersion = 77;
			productRefGroup = 851FD9602E578774002136BA /* Products */;
			projectDirPath = "";
			projectRoot = "";
			targets = (
				851FD95E2E578774002136BA /* APP */,
			);
		};
/* End PBXProject section */

/* Begin PBXResourcesBuildPhase section */
		851FD95D2E578774002136BA /* Resources */ = {
			isa = PBXResourcesBuildPhase;
			buildActionMask = 2147483647;
			files = (
			);
			runOnlyForDeploymentPostprocessing = 0;
		};
/* End PBXResourcesBuildPhase section */

/* Begin PBXSourcesBuildPhase section */
		851FD95B2E578774002136BA /* Sources */ = {
			isa = PBXSourcesBuildPhase;
			buildActionMask = 2147483647;
			files = (
			);
			runOnlyForDeploymentPostprocessing = 0;
		};
/* End PBXSourcesBuildPhase section */

/* Begin XCBuildConfiguration section */
		851FD9682E578775002136BA /* Debug */ = {
			isa = XCBuildConfiguration;
			buildSettings = {
				ALWAYS_SEARCH_USER_PATHS = NO;
				ASSETCATALOG_COMPILER_GENERATE_SWIFT_ASSET_SYMBOL_EXTENSIONS = YES;
				CLANG_ANALYZER_NONNULL = YES;
				CLANG_ANALYZER_NUMBER_OBJECT_CONVERSION = YES_AGGRESSIVE;
				CLANG_CXX_LANGUAGE_STANDARD = "gnu++20";
				CLANG_ENABLE_MODULES = YES;
				CLANG_ENABLE_OBJC_ARC = YES;
				CLANG_ENABLE_OBJC_WEAK = YES;
				CLANG_WARN_BLOCK_CAPTURE_AUTORELEASING = YES;
				CLANG_WARN_BOOL_CONVERSION = YES;
				CLANG_WARN_COMMA = YES;
				CLANG_WARN_CONSTANT_CONVERSION = YES;
				CLANG_WARN_DEPRECATED_OBJC_IMPLEMENTATIONS = YES;
				CLANG_WARN_DIRECT_OBJC_ISA_USAGE = YES_ERROR;
				CLANG_WARN_DOCUMENTATION_COMMENTS = YES;
				CLANG_WARN_EMPTY_BODY = YES;
				CLANG_WARN_ENUM_CONVERSION = YES;
				CLANG_WARN_INFINITE_RECURSION = YES;
				CLANG_WARN_INT_CONVERSION = YES;
				CLANG_WARN_NON_LITERAL_NULL_CONVERSION = YES;
				CLANG_WARN_OBJC_IMPLICIT_RETAIN_SELF = YES;
				CLANG_WARN_OBJC_LITERAL_CONVERSION = YES;
				CLANG_WARN_OBJC_ROOT_CLASS = YES_ERROR;
				CLANG_WARN_QUOTED_INCLUDE_IN_FRAMEWORK_HEADER = YES;
				CLANG_WARN_RANGE_LOOP_ANALYSIS = YES;
				CLANG_WARN_STRICT_PROTOTYPES = YES;
				CLANG_WARN_SUSPICIOUS_MOVE = YES;
				CLANG_WARN_UNGUARDED_AVAILABILITY = YES_AGGRESSIVE;
				CLANG_WARN_UNREACHABLE_CODE = YES;
				CLANG_WARN__DUPLICATE_METHOD_MATCH = YES;
				COPY_PHASE_STRIP = NO;
				DEBUG_INFORMATION_FORMAT = dwarf;
				ENABLE_STRICT_OBJC_MSGSEND = YES;
				ENABLE_TESTABILITY = YES;
				ENABLE_USER_SCRIPT_SANDBOXING = YES;
				GCC_C_LANGUAGE_STANDARD = gnu17;
				GCC_DYNAMIC_NO_PIC = NO;
				GCC_NO_COMMON_BLOCKS = YES;
				GCC_OPTIMIZATION_LEVEL = 0;
				GCC_PREPROCESSOR_DEFINITIONS = (
					"DEBUG=1",
					"IDEVICE=1",
					"$(inherited)",
				);
				GCC_WARN_64_TO_32_BIT_CONVERSION = YES;
				GCC_WARN_ABOUT_RETURN_TYPE = YES_ERROR;
				GCC_WARN_UNDECLARED_SELECTOR = YES;
				GCC_WARN_UNINITIALIZED_AUTOS = YES_AGGRESSIVE;
				GCC_WARN_UNUSED_FUNCTION = YES;
				GCC_WARN_UNUSED_VARIABLE = YES;
				IPHONEOS_DEPLOYMENT_TARGET = 17.0;
				LOCALIZATION_PREFERS_STRING_CATALOGS = YES;
				MTL_ENABLE_DEBUG_INFO = INCLUDE_SOURCE;
				MTL_FAST_MATH = YES;
				ONLY_ACTIVE_ARCH = YES;
				SDKROOT = iphoneos;
				SWIFT_ACTIVE_COMPILATION_CONDITIONS = "DEBUG $(inherited)";
				SWIFT_OPTIMIZATION_LEVEL = "-Osize";
			};
			name = Debug;
		};
		851FD9692E578775002136BA /* Release */ = {
			isa = XCBuildConfiguration;
			buildSettings = {
				ALWAYS_SEARCH_USER_PATHS = NO;
				ASSETCATALOG_COMPILER_GENERATE_SWIFT_ASSET_SYMBOL_EXTENSIONS = YES;
				CLANG_ANALYZER_NONNULL = YES;
				CLANG_ANALYZER_NUMBER_OBJECT_CONVERSION = YES_AGGRESSIVE;
				CLANG_CXX_LANGUAGE_STANDARD = "gnu++20";
				CLANG_ENABLE_MODULES = YES;
				CLANG_ENABLE_OBJC_ARC = YES;
				CLANG_ENABLE_OBJC_WEAK = YES;
				CLANG_WARN_BLOCK_CAPTURE_AUTORELEASING = YES;
				CLANG_WARN_BOOL_CONVERSION = YES;
				CLANG_WARN_COMMA = YES;
				CLANG_WARN_CONSTANT_CONVERSION = YES;
				CLANG_WARN_DEPRECATED_OBJC_IMPLEMENTATIONS = YES;
				CLANG_WARN_DIRECT_OBJC_ISA_USAGE = YES_ERROR;
				CLANG_WARN_DOCUMENTATION_COMMENTS = YES;
				CLANG_WARN_EMPTY_BODY = YES;
				CLANG_WARN_ENUM_CONVERSION = YES;
				CLANG_WARN_INFINITE_RECURSION = YES;
				CLANG_WARN_INT_CONVERSION = YES;
				CLANG_WARN_NON_LITERAL_NULL_CONVERSION = YES;
				CLANG_WARN_OBJC_IMPLICIT_RETAIN_SELF = YES;
				CLANG_WARN_OBJC_LITERAL_CONVERSION = YES;
				CLANG_WARN_OBJC_ROOT_CLASS = YES_ERROR;
				CLANG_WARN_QUOTED_INCLUDE_IN_FRAMEWORK_HEADER = YES;
				CLANG_WARN_RANGE_LOOP_ANALYSIS = YES;
				CLANG_WARN_STRICT_PROTOTYPES = YES;
				CLANG_WARN_SUSPICIOUS_MOVE = YES;
				CLANG_WARN_UNGUARDED_AVAILABILITY = YES_AGGRESSIVE;
				CLANG_WARN_UNREACHABLE_CODE = YES;
				CLANG_WARN__DUPLICATE_METHOD_MATCH = YES;
				COPY_PHASE_STRIP = NO;
				DEBUG_INFORMATION_FORMAT = "dwarf-with-dsym";
				ENABLE_NS_ASSERTIONS = NO;
				ENABLE_STRICT_OBJC_MSGSEND = YES;
				ENABLE_USER_SCRIPT_SANDBOXING = YES;
				GCC_C_LANGUAGE_STANDARD = gnu17;
				GCC_NO_COMMON_BLOCKS = YES;
				GCC_WARN_64_TO_32_BIT_CONVERSION = YES;
				GCC_WARN_ABOUT_RETURN_TYPE = YES_ERROR;
				GCC_WARN_UNDECLARED_SELECTOR = YES;
				GCC_WARN_UNINITIALIZED_AUTOS = YES_AGGRESSIVE;
				GCC_WARN_UNUSED_FUNCTION = YES;
				GCC_WARN_UNUSED_VARIABLE = YES;
				IPHONEOS_DEPLOYMENT_TARGET = 17.0;
				LOCALIZATION_PREFERS_STRING_CATALOGS = YES;
				MTL_ENABLE_DEBUG_INFO = NO;
				MTL_FAST_MATH = YES;
				SDKROOT = iphoneos;
				SWIFT_COMPILATION_MODE = wholemodule;
				VALIDATE_PRODUCT = YES;
			};
			name = Release;
		};
		851FD96B2E578775002136BA /* Debug */ = {
			isa = XCBuildConfiguration;
			buildSettings = {
				ASSETCATALOG_COMPILER_APPICON_NAME = AppIcon;
				ASSETCATALOG_COMPILER_GLOBAL_ACCENT_COLOR_NAME = AccentColor;
				CLANG_ENABLE_MODULES = YES;
				CODE_SIGN_ENTITLEMENTS = APP/Resources/APP.entitlements;
				CODE_SIGN_IDENTITY = "Apple Development";
				CODE_SIGN_STYLE = Automatic;
				CURRENT_PROJECT_VERSION = 1;
				DEVELOPMENT_TEAM = TWLNU7NXWY;
				ENABLE_PREVIEWS = YES;
				FRAMEWORK_SEARCH_PATHS = "$(inherited)";
				GCC_PREPROCESSOR_DEFINITIONS = (
					"IDEVICE=1",
					"$(inherited)",
				);
				HEADER_SEARCH_PATHS = (
					"$(inherited)",
					"$(PROJECT_DIR)/APP/Supporting",
					Files/idevice,
				);
				INFOPLIST_FILE = Info.plist;
				IPHONEOS_DEPLOYMENT_TARGET = 17.0;
				LD_RUNPATH_SEARCH_PATHS = (
					"$(inherited)",
					"@executable_path/Frameworks",
				);
				LIBRARY_SEARCH_PATHS = (
					"$(inherited)",
					"$(PROJECT_DIR)/APP/Resources",
					"$(PROJECT_DIR)/APP/Resources/idevice",
				);
				MARKETING_VERSION = 2.0.0;
				OTHER_LDFLAGS = "";
				PRODUCT_BUNDLE_IDENTIFIER = com.pxx917144686.APP;
				PRODUCT_NAME = "$(TARGET_NAME)";
				PROVISIONING_PROFILE_SPECIFIER = "";
				SUPPORTED_PLATFORMS = "iphoneos iphonesimulator";
				SUPPORTS_MACCATALYST = NO;
				SUPPORTS_MAC_DESIGNED_FOR_IPHONE_IPAD = NO;
				SUPPORTS_XR_DESIGNED_FOR_IPHONE_IPAD = NO;
				SWIFT_ACTIVE_COMPILATION_CONDITIONS = "DEBUG $(inherited)";
				SWIFT_EMIT_LOC_STRINGS = NO;
				SWIFT_OBJC_BRIDGING_HEADER = "APP/Supporting Files/Feather-Bridging-Header.h";
				SWIFT_OPTIMIZATION_LEVEL = "-Onone";
				SWIFT_VERSION = 5.0;
				TARGETED_DEVICE_FAMILY = "1,2";
			};
			name = Debug;
		};
		851FD96C2E578775002136BA /* Release */ = {
			isa = XCBuildConfiguration;
			buildSettings = {
				ASSETCATALOG_COMPILER_APPICON_NAME = AppIcon;
				ASSETCATALOG_COMPILER_GLOBAL_ACCENT_COLOR_NAME = AccentColor;
				CLANG_ENABLE_MODULES = YES;
				CODE_SIGN_ENTITLEMENTS = APP/Resources/APP.entitlements;
				CODE_SIGN_IDENTITY = "Apple Development";
				CODE_SIGN_STYLE = Automatic;
				CURRENT_PROJECT_VERSION = 1;
				DEVELOPMENT_TEAM = TWLNU7NXWY;
				ENABLE_PREVIEWS = YES;
				GCC_PREPROCESSOR_DEFINITIONS = (
					"SERVER=1",
					"IDEVICE=1",
					"$(inherited)",
				);
				HEADER_SEARCH_PATHS = (
					"$(inherited)",
					"$(PROJECT_DIR)/APP/Supporting",
					Files/idevice,
				);
				INFOPLIST_FILE = Info.plist;
				IPHONEOS_DEPLOYMENT_TARGET = 17.0;
				LD_RUNPATH_SEARCH_PATHS = (
					"$(inherited)",
					"@executable_path/Frameworks",
				);
				LIBRARY_SEARCH_PATHS = (
					"$(inherited)",
					"$(PROJECT_DIR)/APP/Resources",
					"$(PROJECT_DIR)/APP/Resources/idevice",
				);
				MARKETING_VERSION = 2.0.0;
				OTHER_LDFLAGS = "";
				PRODUCT_BUNDLE_IDENTIFIER = com.pxx917144686.APP;
				PRODUCT_NAME = "$(TARGET_NAME)";
				PROVISIONING_PROFILE_SPECIFIER = "";
				SUPPORTED_PLATFORMS = "iphoneos iphonesimulator";
				SUPPORTS_MACCATALYST = NO;
				SUPPORTS_MAC_DESIGNED_FOR_IPHONE_IPAD = NO;
				SUPPORTS_XR_DESIGNED_FOR_IPHONE_IPAD = NO;
				SWIFT_ACTIVE_COMPILATION_CONDITIONS = "SERVER $(inherited)";
				SWIFT_EMIT_LOC_STRINGS = NO;
				SWIFT_OBJC_BRIDGING_HEADER = "APP/Supporting Files/Feather-Bridging-Header.h";
				SWIFT_VERSION = 5.0;
				TARGETED_DEVICE_FAMILY = "1,2";
			};
			name = Release;
		};
/* End XCBuildConfiguration section */

/* Begin XCConfigurationList section */
		851FD95A2E578774002136BA /* Build configuration list for PBXProject "APP" */ = {
			isa = XCConfigurationList;
			buildConfigurations = (
				851FD9682E578775002136BA /* Debug */,
				851FD9692E578775002136BA /* Release */,
			);
			defaultConfigurationIsVisible = 0;
			defaultConfigurationName = Release;
		};
		851FD96A2E578775002136BA /* Build configuration list for PBXNativeTarget "APP" */ = {
			isa = XCConfigurationList;
			buildConfigurations = (
				851FD96B2E578775002136BA /* Debug */,
				851FD96C2E578775002136BA /* Release */,
			);
			defaultConfigurationIsVisible = 0;
			defaultConfigurationName = Release;
		};
/* End XCConfigurationList section */

/* Begin XCRemoteSwiftPackageReference section */
		851A3A1D2E6A0AAD002BBBC8 /* XCRemoteSwiftPackageReference "vapor" */ = {
			isa = XCRemoteSwiftPackageReference;
			repositoryURL = "https://github.com/vapor/vapor.git";
			requirement = {
				kind = upToNextMajorVersion;
				minimumVersion = 4.115.1;
			};
		};
		855F63F02E6DAA9E00F55CF7 /* XCRemoteSwiftPackageReference "NimbleKit" */ = {
			isa = XCRemoteSwiftPackageReference;
			repositoryURL = "https://github.com/pxx917144686/NimbleKit.git";
			requirement = {
				branch = main;
				kind = branch;
			};
		};
		855F655A2E6E130A00F55CF7 /* XCRemoteSwiftPackageReference "AltSourceKit" */ = {
			isa = XCRemoteSwiftPackageReference;
			repositoryURL = "https://github.com/pxx917144686/AltSourceKit.git";
			requirement = {
				branch = main;
				kind = branch;
			};
		};
		859966C42E6E24D000EE0107 /* XCRemoteSwiftPackageReference "NukeUI" */ = {
			isa = XCRemoteSwiftPackageReference;
			repositoryURL = "https://github.com/kean/NukeUI.git";
			requirement = {
				kind = upToNextMajorVersion;
				minimumVersion = 0.8.3;
			};
		};
		85A1B2C32E6F123400D4E5F6 /* XCRemoteSwiftPackageReference "ZipArchive" */ = {
			isa = XCRemoteSwiftPackageReference;
			repositoryURL = "https://github.com/ZipArchive/ZipArchive.git";
			requirement = {
				kind = upToNextMajorVersion;
				minimumVersion = 2.4.3;
			};
		};
		85F735542E6DA98200C3D2C2 /* XCRemoteSwiftPackageReference "Zsign" */ = {
			isa = XCRemoteSwiftPackageReference;
			repositoryURL = "https://github.com/pxx917144686/Zsign.git";
			requirement = {
				branch = main;
				kind = branch;
			};
		};
		85FCEE8A2E6B36F80069A30A /* XCRemoteSwiftPackageReference "SWCompression" */ = {
			isa = XCRemoteSwiftPackageReference;
			repositoryURL = "https://github.com/tsolomko/SWCompression.git";
			requirement = {
				kind = upToNextMajorVersion;
				minimumVersion = 4.8.6;
			};
		};
		85FCEE8D2E6B373E0069A30A /* XCRemoteSwiftPackageReference "ArArchiveKit" */ = {
			isa = XCRemoteSwiftPackageReference;
			repositoryURL = "https://github.com/LebJe/ArArchiveKit.git";
			requirement = {
				kind = upToNextMajorVersion;
				minimumVersion = 0.3.0;
			};
		};
		85FCEE902E6B374E0069A30A /* XCRemoteSwiftPackageReference "ZIPFoundation" */ = {
			isa = XCRemoteSwiftPackageReference;
			repositoryURL = "https://github.com/weichsel/ZIPFoundation.git";
			requirement = {
				kind = upToNextMajorVersion;
				minimumVersion = 0.9.18;
			};
		};
/* End XCRemoteSwiftPackageReference section */

/* Begin XCSwiftPackageProductDependency section */
		851A3A1E2E6A0AAD002BBBC8 /* Vapor */ = {
			isa = XCSwiftPackageProductDependency;
			package = 851A3A1D2E6A0AAD002BBBC8 /* XCRemoteSwiftPackageReference "vapor" */;
			productName = Vapor;
		};
		855F63F12E6DAA9E00F55CF7 /* NimbleExtensions */ = {
			isa = XCSwiftPackageProductDependency;
			package = 855F63F02E6DAA9E00F55CF7 /* XCRemoteSwiftPackageReference "NimbleKit" */;
			productName = NimbleExtensions;
		};
		855F63F32E6DAA9E00F55CF7 /* NimbleJSON */ = {
			isa = XCSwiftPackageProductDependency;
			package = 855F63F02E6DAA9E00F55CF7 /* XCRemoteSwiftPackageReference "NimbleKit" */;
			productName = NimbleJSON;
		};
		855F63F52E6DAA9E00F55CF7 /* NimbleViews */ = {
			isa = XCSwiftPackageProductDependency;
			package = 855F63F02E6DAA9E00F55CF7 /* XCRemoteSwiftPackageReference "NimbleKit" */;
			productName = NimbleViews;
		};
		855F655B2E6E130A00F55CF7 /* AltSourceKit */ = {
			isa = XCSwiftPackageProductDependency;
			package = 855F655A2E6E130A00F55CF7 /* XCRemoteSwiftPackageReference "AltSourceKit" */;
			productName = AltSourceKit;
		};
		859966C52E6E24D000EE0107 /* NukeUI */ = {
			isa = XCSwiftPackageProductDependency;
			package = 859966C42E6E24D000EE0107 /* XCRemoteSwiftPackageReference "NukeUI" */;
			productName = NukeUI;
		};
		85A1B2C42E6F123400D4E5F6 /* ZipArchive */ = {
			isa = XCSwiftPackageProductDependency;
			package = 85A1B2C32E6F123400D4E5F6 /* XCRemoteSwiftPackageReference "ZipArchive" */;
			productName = ZipArchive;
		};
		85F735552E6DA98200C3D2C2 /* ZsignSwift */ = {
			isa = XCSwiftPackageProductDependency;
			package = 85F735542E6DA98200C3D2C2 /* XCRemoteSwiftPackageReference "Zsign" */;
			productName = ZsignSwift;
		};
		85F735572E6DA98200C3D2C2 /* zsign */ = {
			isa = XCSwiftPackageProductDependency;
			package = 85F735542E6DA98200C3D2C2 /* XCRemoteSwiftPackageReference "Zsign" */;
			productName = zsign;
		};
		85FCEE8B2E6B36F80069A30A /* SWCompression */ = {
			isa = XCSwiftPackageProductDependency;
			package = 85FCEE8A2E6B36F80069A30A /* XCRemoteSwiftPackageReference "SWCompression" */;
			productName = SWCompression;
		};
		85FCEE8E2E6B373E0069A30A /* ArArchiveKit */ = {
			isa = XCSwiftPackageProductDependency;
			package = 85FCEE8D2E6B373E0069A30A /* XCRemoteSwiftPackageReference "ArArchiveKit" */;
			productName = ArArchiveKit;
		};
		85FCEE912E6B374E0069A30A /* ZIPFoundation */ = {
			isa = XCSwiftPackageProductDependency;
			package = 85FCEE902E6B374E0069A30A /* XCRemoteSwiftPackageReference "ZIPFoundation" */;
			productName = ZIPFoundation;
		};
/* End XCSwiftPackageProductDependency section */
	};
	rootObject = 851FD9572E578774002136BA /* Project object */;
}
